# mica-lock v1
# mica-system-base.lock: mica-system-base 20261001-1730, written when the release was published.
release	mica-system-base	20261001-1730	27b6cc4367df981804614e7356d79b7a73f4775e
image	mica-system-base	rootfs	amd64	ghcr.io/micaoss/mica-system-base@sha256:11d98f363f8a96fe4c31b97831ea21198445a8340fdcea40434e4d2f211aa032
image	mica-system-base	rootfs	arm64	ghcr.io/micaoss/mica-system-base@sha256:5f40bceb93018d833928e16a7aa3bfddd9baedc4ddefc0b535301aac164644fb
image	mica-system-base	rootfs	index	ghcr.io/micaoss/mica-system-base:rootfs.20261001-1730@sha256:b1d0055ab3484578cb441136e4ce775f0c7d483e66ff2ea755c5bdf776acd704
pool	amd64	ghcr.io/micaoss/mica-system-base:pool.amd64.20261001-1730@sha256:b9b3e5780b9e5abb6a1f82471152ad9c040fd3d9e6fc716116432f9ad0cd791b
pool	arm64	ghcr.io/micaoss/mica-system-base:pool.arm64.20261001-1730@sha256:ded8219c631a54398ce615471a303d321e562aee208762a32909cacb8d7c2f0e
package	mica-bluetooth	amd64	5.82-mica1	e5399d67a73a6f41e5b0ff1a5722483a7e399df19ee80f1772526eb1677b7bc7
package	mica-bluetooth	arm64	5.82-mica1	e5399d67a73a6f41e5b0ff1a5722483a7e399df19ee80f1772526eb1677b7bc7
package	mica-busybox	amd64	1.38.0-mica1	97182001403c39c503eaac4af0f3216c7ff5234795a64eaac89de63ff56bfe5f
package	mica-busybox	arm64	1.38.0-mica1	9200e6cfb3adce6c733d01f639812ed2c5b502a66f6fb8c85253a375054fde95
package	mica-ca-trust	amd64	20250419-mica1	ddfde2c8c1766c6db8967388f75776b68967675bd5fc06b0f0713df1c9017cd4
package	mica-ca-trust	arm64	20250419-mica1	ddfde2c8c1766c6db8967388f75776b68967675bd5fc06b0f0713df1c9017cd4
package	mica-mdev	amd64	1.38.0-mica1	77cde3f98e4575237bed7606fa85bdeb9424d85cdd10b7133894d1b4ac2608e4
package	mica-mdev	arm64	1.38.0-mica1	77cde3f98e4575237bed7606fa85bdeb9424d85cdd10b7133894d1b4ac2608e4
package	mica-openrc	amd64	0.56-mica1	bfd2aaf74005bdcf55278e298e2a92ac83db450ca0dc55175a98b1afe1be02ca
package	mica-openrc	arm64	0.56-mica1	bfd2aaf74005bdcf55278e298e2a92ac83db450ca0dc55175a98b1afe1be02ca
package	mica-ssh	amd64	2025.89-mica1	122b334a3b289a558f15a8b619b8e4e0ff9bc67ab045c3edef19199a2f4f3d6f
package	mica-ssh	arm64	2025.89-mica1	122b334a3b289a558f15a8b619b8e4e0ff9bc67ab045c3edef19199a2f4f3d6f
package	mica-system	amd64	13.8+deb13u7-mica1	ca606ae842fa2ea20fa7f56292c6152cc4fdeb9190a4814d297287f467f5782f
package	mica-system	arm64	13.8+deb13u7-mica1	ca606ae842fa2ea20fa7f56292c6152cc4fdeb9190a4814d297287f467f5782f
package	mica-systemd	amd64	257.13-mica1	95d54b11f49c33a0daeb75b88966058fa3caa125d2663467a7715167be549946
package	mica-systemd	arm64	257.13-mica1	95d54b11f49c33a0daeb75b88966058fa3caa125d2663467a7715167be549946
package	mica-systemd-boot	amd64	257.13-mica1	a0f9b716c6430fc798b30a9d5aaac7155d744cafdfea40335beaab804efaa259
package	mica-systemd-boot	arm64	257.13-mica1	fdababf63fbceaf121d699b982b1dc59a1f8641285a4583dd7650e6834e5ff36
package	mica-tzdata	amd64	2026c-mica1	348b813135700a5bfa75bfd30c5180fc5ea4261afbd2e682e766cba6159a4327
package	mica-tzdata	arm64	2026c-mica1	348b813135700a5bfa75bfd30c5180fc5ea4261afbd2e682e766cba6159a4327
package	mica-wifi	amd64	2.12-mica1	4c713968838ac2bce6239ef6d16e5620dcf6ca714741682659415d6cd6b9a86e
package	mica-wifi	arm64	2.12-mica1	27c69af7c54e0aa4d60834c4166d32af96b7cabd96634cc54b92d917b73d9d3d
package	mica-wifi-ap	amd64	2.12-mica1	150eabcecff5063b9f511e575b4f0eb0e180dab391df8136bf35531b12c54265
package	mica-wifi-ap	arm64	2.12-mica1	67650b2eae0830c6dc6cf995a1cbad8493fdf20aef7b18073bb01f4fa3d6da29
upstream	alsa-utils	amd64	1.2.14-1	1e2b5f31fc826e1af25e2a12e37cd8d361ff25feaf224c6bbef3cc5d6cd2596b	https://snapshot.debian.org/archive/debian/20261001T000000Z/pool/main/a/alsa-utils/alsa-utils_1.2.14-1_amd64.deb	alsa-utils
upstream	alsa-utils	arm64	1.2.14-1	485fdd5ff4232fcc761ee4ca2f6e8be7572783e696a0d595ccffcba324db1026	https://snapshot.debian.org/archive/debian/20261001T000000Z/pool/main/a/alsa-utils/alsa-utils_1.2.14-1_arm64.deb	alsa-utils
upstream	bash	amd64	5.2.37-2+b10	2fd7b04f1b7caa29c4e683f5216e6af354a41e3cdcf6e75394d7cda680f9ab82	https://snapshot.debian.org/archive/debian/20261001T000000Z/pool/main/b/bash/bash_5.2.37-2+b10_amd64.deb	bash
upstream	bash	arm64	5.2.37-2+b10	9e2d2b3646b250f53be79b6128d9cff5e99cc5ff4a8c84e58efab59ad9bb0ddc	https://snapshot.debian.org/archive/debian/20261001T000000Z/pool/main/b/bash/bash_5.2.37-2+b10_arm64.deb	bash
upstream	bluez	amd64	5.82-1.1	64a680d95abb11cf02f8170b2d57115dbdee4738a6163c2cf25021f546bce8ac	https://snapshot.debian.org/archive/debian/20261001T000000Z/pool/main/b/bluez/bluez_5.82-1.1_amd64.deb	bluez
upstream	bluez	arm64	5.82-1.1	be1d24dd87fd6cd1b45431cd517bf103fffec026aee42fbeab3533633b546ac4	https://snapshot.debian.org/archive/debian/20261001T000000Z/pool/main/b/bluez/bluez_5.82-1.1_arm64.deb	bluez
upstream	coreutils	amd64	9.7-3	1299ab6f9389a288eb2f5f3dd222c26cc777b9a2d5ecb6ee4cbd340cebcdada2	https://snapshot.debian.org/archive/debian/20261001T000000Z/pool/main/c/coreutils/coreutils_9.7-3_amd64.deb	coreutils
upstream	coreutils	arm64	9.7-3	99b2531e8d16e4f2d3f239ae3cb57913ec1f43764d2d6cd5c69154cbb1e57f3e	https://snapshot.debian.org/archive/debian/20261001T000000Z/pool/main/c/coreutils/coreutils_9.7-3_arm64.deb	coreutils
upstream	diffutils	amd64	1:3.10-4	d3412669f7ae53ba895c3a509620ea7494ec1a36faa204c5215442ced381a479	https://snapshot.debian.org/archive/debian/20261001T000000Z/pool/main/d/diffutils/diffutils_3.10-4_amd64.deb	diffutils
upstream	diffutils	arm64	1:3.10-4	85cfb5576fa43ba2bd2047c53140fb465b929753048e53eb0fe6482ed343a5b9	https://snapshot.debian.org/archive/debian/20261001T000000Z/pool/main/d/diffutils/diffutils_3.10-4_arm64.deb	diffutils
upstream	dmsetup	amd64	2:1.02.205-2	4771f7ab0a907a8e5d02a6358ff016ae7cb49124906bada02fa882e141b615a0	https://snapshot.debian.org/archive/debian/20261001T000000Z/pool/main/l/lvm2/dmsetup_1.02.205-2_amd64.deb	dmsetup
upstream	dmsetup	arm64	2:1.02.205-2	f802c1ec2d6f45a6544f09c5da72f9688e06208d12bb76ac9b25f2cfa8033306	https://snapshot.debian.org/archive/debian/20261001T000000Z/pool/main/l/lvm2/dmsetup_1.02.205-2_arm64.deb	dmsetup
upstream	dropbear-bin	amd64	2025.89-1~deb13u1	1ddbd76749c7076097fb899eaf55f0a398d6f62799a6000501b32ed7b5d9257b	https://snapshot.debian.org/archive/debian/20261001T000000Z/pool/main/d/dropbear/dropbear-bin_2025.89-1~deb13u1_amd64.deb	dropbear-bin
upstream	dropbear-bin	arm64	2025.89-1~deb13u1	1cfab9f1d5dbf89a8ad790cafe5585a8e08a7c0e0ce098c7a89f957a6428976e	https://snapshot.debian.org/archive/debian/20261001T000000Z/pool/main/d/dropbear/dropbear-bin_2025.89-1~deb13u1_arm64.deb	dropbear-bin
upstream	fdisk	amd64	2.41.5-0+deb13u1	7f37094ca3f63c3a07b4431532b0bcc4aa64291e75c48cabebf41bf42ad706b1	https://snapshot.debian.org/archive/debian/20261001T000000Z/pool/main/u/util-linux/fdisk_2.41.5-0+deb13u1_amd64.deb	fdisk
upstream	fdisk	arm64	2.41.5-0+deb13u1	ac012f570d272e703e91ef038b0fabcb0f1eff468775586e95940d4f1938eb98	https://snapshot.debian.org/archive/debian/20261001T000000Z/pool/main/u/util-linux/fdisk_2.41.5-0+deb13u1_arm64.deb	fdisk
upstream	findutils	amd64	4.10.0-3	3edf02b016456b6a98cefdbab99c5ce6f829b786f63affe970badea221aecfc7	https://snapshot.debian.org/archive/debian/20261001T000000Z/pool/main/f/findutils/findutils_4.10.0-3_amd64.deb	findutils
upstream	findutils	arm64	4.10.0-3	c8b505ce907c293031095b3a237cb231967963b1d5aa8b1699aff45ccec3158a	https://snapshot.debian.org/archive/debian/20261001T000000Z/pool/main/f/findutils/findutils_4.10.0-3_arm64.deb	findutils
upstream	grep	amd64	3.11-4	2d78ed07d86a530ebf538f05cb2415f37c8daf908596bc32fc2563cc7e88c55a	https://snapshot.debian.org/archive/debian/20261001T000000Z/pool/main/g/grep/grep_3.11-4_amd64.deb	grep
upstream	grep	arm64	3.11-4+b1	6f7257fbec0197bd54b2347861ff01e2c4e8411790b0df20242483615324fe66	https://snapshot.debian.org/archive/debian/20261001T000000Z/pool/main/g/grep/grep_3.11-4+b1_arm64.deb	grep
upstream	gzip	amd64	1.13-1+deb13u1	74cf12212beee4ab8d473bdc0107abf9e8cef737492198e2f4944a19f142b0ac	https://snapshot.debian.org/archive/debian/20261001T000000Z/pool/main/g/gzip/gzip_1.13-1+deb13u1_amd64.deb	gzip
upstream	gzip	arm64	1.13-1+deb13u1	02f83e5b4351ab4caa54f0405a334943dcd4986fdce740072bbda7b3c844e1f6	https://snapshot.debian.org/archive/debian/20261001T000000Z/pool/main/g/gzip/gzip_1.13-1+deb13u1_arm64.deb	gzip
upstream	insserv	amd64	1.26.0-1	c1e71f879de0226d6da7c8bd1deb10bd79e0667f14c3956f9c1275cb3a329d43	https://snapshot.debian.org/archive/debian/20261001T000000Z/pool/main/i/insserv/insserv_1.26.0-1_amd64.deb	openrc
upstream	insserv	arm64	1.26.0-1	8bbc013d4859104350f11c7ba1fa6fe43115545f4795c13035cb98f189bd86fe	https://snapshot.debian.org/archive/debian/20261001T000000Z/pool/main/i/insserv/insserv_1.26.0-1_arm64.deb	openrc
upstream	iw	amd64	6.9-1	61c0848fe4c98718f1f1ad7526ae4858d91f85e3139f0e723bed4bc2aa729422	https://snapshot.debian.org/archive/debian/20261001T000000Z/pool/main/i/iw/iw_6.9-1_amd64.deb	iw
upstream	iw	arm64	6.9-1+b1	dcacc4fb0a002b313effb1f5bb81adf14aca83eed9043bc97acf9e8b437c3d93	https://snapshot.debian.org/archive/debian/20261001T000000Z/pool/main/i/iw/iw_6.9-1+b1_arm64.deb	iw
upstream	kmod	amd64	34.2-2	d56f9311beb17cd15447d11d91fd4de94d23a47d4619e8806b1b807b40c72e53	https://snapshot.debian.org/archive/debian/20261001T000000Z/pool/main/k/kmod/kmod_34.2-2_amd64.deb	alsa-utils,bluez,kmod
upstream	kmod	arm64	34.2-2	fd7300fcb8b93cc5f77aa439ee539ceb8050f5cf1d22d86e85179d04f7de5b6f	https://snapshot.debian.org/archive/debian/20261001T000000Z/pool/main/k/kmod/kmod_34.2-2_arm64.deb	alsa-utils,bluez,kmod
upstream	libasound2-data	amd64	1.2.14-1+deb13u1	04688afdff3769c0f685541daed7b2f6f0cb946799ddf1d5847ddf11fe245559	https://snapshot.debian.org/archive/debian/20261001T000000Z/pool/main/a/alsa-lib/libasound2-data_1.2.14-1+deb13u1_all.deb	alsa-utils,bluez,libasound2t64
upstream	libasound2-data	arm64	1.2.14-1+deb13u1	04688afdff3769c0f685541daed7b2f6f0cb946799ddf1d5847ddf11fe245559	https://snapshot.debian.org/archive/debian/20261001T000000Z/pool/main/a/alsa-lib/libasound2-data_1.2.14-1+deb13u1_all.deb	alsa-utils,bluez,libasound2t64
upstream	libasound2t64	amd64	1.2.14-1+deb13u1	5495496142d57e5ad6d581ac5456ec3c87f872c109a2bfb815d154b673eebc67	https://snapshot.debian.org/archive/debian/20261001T000000Z/pool/main/a/alsa-lib/libasound2t64_1.2.14-1+deb13u1_amd64.deb	alsa-utils,bluez,libasound2t64
upstream	libasound2t64	arm64	1.2.14-1+deb13u1	9c808d819ccddc37c793dd3186c2ecd858b2feb2474cebb883f70386e7890d39	https://snapshot.debian.org/archive/debian/20261001T000000Z/pool/main/a/alsa-lib/libasound2t64_1.2.14-1+deb13u1_arm64.deb	alsa-utils,bluez,libasound2t64
upstream	libatomic1	amd64	14.2.0-19	212b399aae2f7299203d261a57e49372e09565a9a5ea971905f94a3960366c05	https://snapshot.debian.org/archive/debian/20261001T000000Z/pool/main/g/gcc-14/libatomic1_14.2.0-19_amd64.deb	bluez,libatomic1,libglib2.0-0t64
upstream	libatomic1	arm64	14.2.0-19	7ccff90234484bf21ae5ecb79d25b6a84b2f4038f65dd139085b2e3a937cd8dc	https://snapshot.debian.org/archive/debian/20261001T000000Z/pool/main/g/gcc-14/libatomic1_14.2.0-19_arm64.deb	bluez,libatomic1,libglib2.0-0t64
upstream	libatopology2t64	amd64	1.2.14-1+deb13u1	7d114f94eb8739a7328e3b6ca3447c7bb78f02a4d1a48d1a3967a5686254e990	https://snapshot.debian.org/archive/debian/20261001T000000Z/pool/main/a/alsa-lib/libatopology2t64_1.2.14-1+deb13u1_amd64.deb	alsa-utils
upstream	libatopology2t64	arm64	1.2.14-1+deb13u1	8e9dd1458d0b990f6391c0612e38a26adba4fdc138a6a911be905acc9e499ccd	https://snapshot.debian.org/archive/debian/20261001T000000Z/pool/main/a/alsa-lib/libatopology2t64_1.2.14-1+deb13u1_arm64.deb	alsa-utils
upstream	libdevmapper1.02.1	amd64	2:1.02.205-2	e924e0df8823987f271b7d3a375dc2f8adcd76db66f09d0273043c885edb0af0	https://snapshot.debian.org/archive/debian/20261001T000000Z/pool/main/l/lvm2/libdevmapper1.02.1_1.02.205-2_amd64.deb	dmsetup
upstream	libdevmapper1.02.1	arm64	2:1.02.205-2	4d783b235eb9857ec96fabd0f161a84426706d079ec82ef5a91cbbf9dd644904	https://snapshot.debian.org/archive/debian/20261001T000000Z/pool/main/l/lvm2/libdevmapper1.02.1_1.02.205-2_arm64.deb	dmsetup
upstream	libdw1t64	amd64	0.192-4	6b41d3895b40eff429dd8013f0c13b6e26371a26491f414dbf66ba86c4c2c3f1	https://snapshot.debian.org/archive/debian/20261001T000000Z/pool/main/e/elfutils/libdw1t64_0.192-4_amd64.deb	bluez,libdw1t64
upstream	libdw1t64	arm64	0.192-4	67efcbd99255a3468f6612a7719083ea1bed967d0bfae39863b5f0e190e0c5ec	https://snapshot.debian.org/archive/debian/20261001T000000Z/pool/main/e/elfutils/libdw1t64_0.192-4_arm64.deb	bluez,libdw1t64
upstream	libedit2	amd64	3.1-20250104-1	b002ea172b9c1e34a67bc497c523c67bb74c3f0a4e98113cb083990a1f1d3bfe	https://snapshot.debian.org/archive/debian/20261001T000000Z/pool/main/libe/libedit/libedit2_3.1-20250104-1_amd64.deb	nftables
upstream	libedit2	arm64	3.1-20250104-1	496c31df89fac9cb7e98102fcc21daf887376dcd9914f6322c86dd5bd4360ff1	https://snapshot.debian.org/archive/debian/20261001T000000Z/pool/main/libe/libedit/libedit2_3.1-20250104-1_arm64.deb	nftables
upstream	libeinfo1	amd64	0.56-1	e235ade6827b158cb04d74a7317de92c7649a2d3a29f4bc00ca52f258bb235e1	https://snapshot.debian.org/archive/debian/20261001T000000Z/pool/main/o/openrc/libeinfo1_0.56-1_amd64.deb	openrc
upstream	libeinfo1	arm64	0.56-1	dc53e1c4b949ac6a8df7502221fce7c6bc978e08f000a7bdb6070e3fd51b5e0b	https://snapshot.debian.org/archive/debian/20261001T000000Z/pool/main/o/openrc/libeinfo1_0.56-1_arm64.deb	openrc
upstream	libelf1t64	amd64	0.192-4	94497b7e17b6f574a0605b380d454e20d3f01a9c63b70c2a2263f679d30053e1	https://snapshot.debian.org/archive/debian/20261001T000000Z/pool/main/e/elfutils/libelf1t64_0.192-4_amd64.deb	bluez,libdw1t64
upstream	libelf1t64	arm64	0.192-4	815b4265c7d6c89c5bbad456bdeed7af893da6912c9d16cf4c581001927c0e37	https://snapshot.debian.org/archive/debian/20261001T000000Z/pool/main/e/elfutils/libelf1t64_0.192-4_arm64.deb	bluez,libdw1t64
upstream	libfdisk1	amd64	2.41.5-0+deb13u1	7f96d173cc01787201691f80ca9b335b8c7d6cdcc6fb81011302d4a005ff5089	https://snapshot.debian.org/archive/debian/20261001T000000Z/pool/main/u/util-linux/libfdisk1_2.41.5-0+deb13u1_amd64.deb	fdisk,systemd-repart
upstream	libfdisk1	arm64	2.41.5-0+deb13u1	afc6c087dd7983a8cd56994a726fe7b130d6220a143a7e4bf8680acad496b8d0	https://snapshot.debian.org/archive/debian/20261001T000000Z/pool/main/u/util-linux/libfdisk1_2.41.5-0+deb13u1_arm64.deb	fdisk,systemd-repart
upstream	libffi8	amd64	3.4.8-2	0ebdc340de33333639c3c63874cd4b15ac2e83dfa1ef3053b7eefaf4919f4f68	https://snapshot.debian.org/archive/debian/20261001T000000Z/pool/main/libf/libffi/libffi8_3.4.8-2_amd64.deb	bluez,libglib2.0-0t64
upstream	libffi8	arm64	3.4.8-2	d84a783b818f2386627604e64b793eb4ac5bb9ea1ba321a194a1c9c82fe09a01	https://snapshot.debian.org/archive/debian/20261001T000000Z/pool/main/libf/libffi/libffi8_3.4.8-2_arm64.deb	bluez,libglib2.0-0t64
upstream	libfftw3-single3	amd64	3.3.10-2+b1	cb1910b561a4c475a8005ae1b604d1f5fd9d22114292f45e258ce4a160300e01	https://snapshot.debian.org/archive/debian/20261001T000000Z/pool/main/f/fftw3/libfftw3-single3_3.3.10-2+b1_amd64.deb	alsa-utils
upstream	libfftw3-single3	arm64	3.3.10-2+b1	874b10ccab6219bcae210cc9ff9298389e266ad7308be086956c859ae1aa8ba5	https://snapshot.debian.org/archive/debian/20261001T000000Z/pool/main/f/fftw3/libfftw3-single3_3.3.10-2+b1_arm64.deb	alsa-utils
upstream	libglib2.0-0t64	amd64	2.84.4-3~deb13u5	e2baf92c57d1db1753e5781a61450d9a01e7833c7bd2dfe87776a6811c11ecc2	https://snapshot.debian.org/archive/debian/20261001T000000Z/pool/main/g/glib2.0/libglib2.0-0t64_2.84.4-3~deb13u5_amd64.deb	bluez,libglib2.0-0t64
upstream	libglib2.0-0t64	arm64	2.84.4-3~deb13u5	d446f0ea85fb9dc411219ce861e59e5eabe1981c796918771a7d2aa97cc72481	https://snapshot.debian.org/archive/debian/20261001T000000Z/pool/main/g/glib2.0/libglib2.0-0t64_2.84.4-3~deb13u5_arm64.deb	bluez,libglib2.0-0t64
upstream	libgmp10	amd64	2:6.3.0+dfsg-3	d0d0265eb01770f17afd0f7c8c0622f80479dcfbbe13653a0debeec61464e622	https://snapshot.debian.org/archive/debian/20261001T000000Z/pool/main/g/gmp/libgmp10_6.3.0+dfsg-3_amd64.deb	coreutils,dropbear-bin,nftables
upstream	libgmp10	arm64	2:6.3.0+dfsg-3	a27bbc27f119161ea9702c8dd66f54131cdf0d2ca73000f50ea91ef2fdfef0fb	https://snapshot.debian.org/archive/debian/20261001T000000Z/pool/main/g/gmp/libgmp10_6.3.0+dfsg-3_arm64.deb	coreutils,dropbear-bin,nftables
upstream	libgomp1	amd64	14.2.0-19	72b7a1a33c48f3195efeb044111b34ae684b1e640bb6495c832443b798601cd5	https://snapshot.debian.org/archive/debian/20261001T000000Z/pool/main/g/gcc-14/libgomp1_14.2.0-19_amd64.deb	alsa-utils
upstream	libgomp1	arm64	14.2.0-19	43e84cb7971d8a4d8870cab6204e998ea4f23ee1339bb0ff556dd881bac82d25	https://snapshot.debian.org/archive/debian/20261001T000000Z/pool/main/g/gcc-14/libgomp1_14.2.0-19_arm64.deb	alsa-utils
upstream	libjansson4	amd64	2.14-2+b3	60707a62fe6c1228c3389b12a13ca4efd76defc5532473e547a29e99cf7d2a6e	https://snapshot.debian.org/archive/debian/20261001T000000Z/pool/main/j/jansson/libjansson4_2.14-2+b3_amd64.deb	nftables
upstream	libjansson4	arm64	2.14-2+b3	7938472b1ddfa8b0c8f58d5f44406ae7a77a342dbb502a02f6bf292b4f853ab0	https://snapshot.debian.org/archive/debian/20261001T000000Z/pool/main/j/jansson/libjansson4_2.14-2+b3_arm64.deb	nftables
upstream	libjson-c5	amd64	0.18+ds-1	4fbd5fb4d54c626f05d68abf38a31533fbf1bf4a87068696abe041ee9c974fe0	https://snapshot.debian.org/archive/debian/20261001T000000Z/pool/main/j/json-c/libjson-c5_0.18+ds-1_amd64.deb	libjson-c5
upstream	libjson-c5	arm64	0.18+ds-1	f631829107005b15c2ca5c48ac74bc2df437c7eb608756eb865b147985f7bb45	https://snapshot.debian.org/archive/debian/20261001T000000Z/pool/main/j/json-c/libjson-c5_0.18+ds-1_arm64.deb	libjson-c5
upstream	libkmod2	amd64	34.2-2	ee6c50ebac79aa9795e8bf9aa01d94c99984d09d22598c66be0f8ba917b62179	https://snapshot.debian.org/archive/debian/20261001T000000Z/pool/main/k/kmod/libkmod2_34.2-2_amd64.deb	alsa-utils,bluez,kmod,udev
upstream	libkmod2	arm64	34.2-2	01d2bf4ead7f6da5aca7f1ecc108cbe858a349ca55368742ead758fa7383e10a	https://snapshot.debian.org/archive/debian/20261001T000000Z/pool/main/k/kmod/libkmod2_34.2-2_arm64.deb	alsa-utils,bluez,kmod,udev
upstream	libmnl0	amd64	1.0.5-3	4ec9c1096e0b954e3bdb03a62314ee7f49999045d3d55be3e4ded520ffc9baf5	https://snapshot.debian.org/archive/debian/20261001T000000Z/pool/main/libm/libmnl/libmnl0_1.0.5-3_amd64.deb	nftables
upstream	libmnl0	arm64	1.0.5-3	f21bb29056e9ede0031cc411ffa3b1272858fa4b950e1cd9e50756c5c2ece97f	https://snapshot.debian.org/archive/debian/20261001T000000Z/pool/main/libm/libmnl/libmnl0_1.0.5-3_arm64.deb	nftables
upstream	libncursesw6	amd64	6.5+20250216-2	47baa2e11579583654583a066b69bd5a5d2f22423081f707ed6c0c3ba6d538b7	https://snapshot.debian.org/archive/debian/20261001T000000Z/pool/main/n/ncurses/libncursesw6_6.5+20250216-2_amd64.deb	alsa-utils,fdisk,procps
upstream	libncursesw6	arm64	6.5+20250216-2	72121aeb08be2d915da321ddfae74f62a0764286f336279b2c2609ba07496d6d	https://snapshot.debian.org/archive/debian/20261001T000000Z/pool/main/n/ncurses/libncursesw6_6.5+20250216-2_arm64.deb	alsa-utils,fdisk,procps
upstream	libnftables1	amd64	1.1.3-1	c7cbee3dce8452ae5c3c4269f6f52e96b896d36a46ea3c490e0e11e8ff359896	https://snapshot.debian.org/archive/debian/20261001T000000Z/pool/main/n/nftables/libnftables1_1.1.3-1_amd64.deb	nftables
upstream	libnftables1	arm64	1.1.3-1	260b0790a8f567ef27d293e15c722d867de113d579c330be17d13354cd61c356	https://snapshot.debian.org/archive/debian/20261001T000000Z/pool/main/n/nftables/libnftables1_1.1.3-1_arm64.deb	nftables
upstream	libnftnl11	amd64	1.2.9-1	1b3eae46bfb9c6ab44e404797fb45278045f926d73974a84097ad47a3e27d983	https://snapshot.debian.org/archive/debian/20261001T000000Z/pool/main/libn/libnftnl/libnftnl11_1.2.9-1_amd64.deb	nftables
upstream	libnftnl11	arm64	1.2.9-1	070278465783af9f3c38a9465d3dec8ad51468a87b8c3a52f6451d4e95e08875	https://snapshot.debian.org/archive/debian/20261001T000000Z/pool/main/libn/libnftnl/libnftnl11_1.2.9-1_arm64.deb	nftables
upstream	libnl-3-200	amd64	3.7.0-2	ce5c153953016be42def7b105f37d55eae07a9608d1dfe6bcb03cc017fc384cb	https://snapshot.debian.org/archive/debian/20261001T000000Z/pool/main/libn/libnl3/libnl-3-200_3.7.0-2_amd64.deb	iw,libnl-genl-3-200
upstream	libnl-3-200	arm64	3.7.0-2	0489548a052d64b1acf7f61b0f08fd2da954b6fd6b9c729a4e740d7d39652d00	https://snapshot.debian.org/archive/debian/20261001T000000Z/pool/main/libn/libnl3/libnl-3-200_3.7.0-2_arm64.deb	iw,libnl-genl-3-200
upstream	libnl-genl-3-200	amd64	3.7.0-2	8f2f81ef4c6f8636f0b0cb2ff40b3c54a497d121f49c485620ae43c94782cd94	https://snapshot.debian.org/archive/debian/20261001T000000Z/pool/main/libn/libnl3/libnl-genl-3-200_3.7.0-2_amd64.deb	iw,libnl-genl-3-200
upstream	libnl-genl-3-200	arm64	3.7.0-2	5455099e4ae9a013a44bce245678b50c84b93f9983cd3005f49e6a94d14e30ee	https://snapshot.debian.org/archive/debian/20261001T000000Z/pool/main/libn/libnl3/libnl-genl-3-200_3.7.0-2_arm64.deb	iw,libnl-genl-3-200
upstream	libproc2-0	amd64	2:4.0.4-9	c9d61caab1b2ddfc3f17edb95be31b9809fcb2daf27d853dff615bc4ebd08b4b	https://snapshot.debian.org/archive/debian/20261001T000000Z/pool/main/p/procps/libproc2-0_4.0.4-9_amd64.deb	procps
upstream	libproc2-0	arm64	2:4.0.4-9	e81069b58fe82223c71fcd74c760cb0fd3b0e61792fbaf2e5675fd948dc16dba	https://snapshot.debian.org/archive/debian/20261001T000000Z/pool/main/p/procps/libproc2-0_4.0.4-9_arm64.deb	procps
upstream	librc1t64	amd64	0.56-1	96c1862abf1c00ddfc8ea06860aab8c4eabc62c950766df4d188f9a9859fb006	https://snapshot.debian.org/archive/debian/20261001T000000Z/pool/main/o/openrc/librc1t64_0.56-1_amd64.deb	openrc
upstream	librc1t64	arm64	0.56-1	b842099a4cfad11238f1be49cebd977a91a765fd20e73ddc4cc3a2cb18b6ce22	https://snapshot.debian.org/archive/debian/20261001T000000Z/pool/main/o/openrc/librc1t64_0.56-1_arm64.deb	openrc
upstream	libreadline8t64	amd64	8.2-6	eeadf2b5e755c9f183883feea2d9b5b28560284275d5f54d3e55d0923b1d0967	https://snapshot.debian.org/archive/debian/20261001T000000Z/pool/main/r/readline/libreadline8t64_8.2-6_amd64.deb	bluez,fdisk,libreadline8t64
upstream	libreadline8t64	arm64	8.2-6	f78ff432b2a627bc04f7eef0e6e2696501c9e06feca748a5b741d5e594429033	https://snapshot.debian.org/archive/debian/20261001T000000Z/pool/main/r/readline/libreadline8t64_8.2-6_arm64.deb	bluez,fdisk,libreadline8t64
upstream	libsamplerate0	amd64	0.2.2-4+b2	2665417fa996c1e249dbaa65c32305ac666e5ae865fad0f109b629935ec0bd18	https://snapshot.debian.org/archive/debian/20261001T000000Z/pool/main/libs/libsamplerate/libsamplerate0_0.2.2-4+b2_amd64.deb	alsa-utils
upstream	libsamplerate0	arm64	0.2.2-4+b2	5d9fad694b249d48d8457e1242ab60e04db6a30d7d56f80c6ae463ff122147ec	https://snapshot.debian.org/archive/debian/20261001T000000Z/pool/main/libs/libsamplerate/libsamplerate0_0.2.2-4+b2_arm64.deb	alsa-utils
upstream	libseccomp2	amd64	2.6.0-2	89d5138e05fb6a86b9afd8b54dc0fb4b14f4c27c05e6c5f767c2132bdf808531	https://snapshot.debian.org/archive/debian/20261001T000000Z/pool/main/libs/libseccomp/libseccomp2_2.6.0-2_amd64.deb	bluez,libseccomp2,systemd,systemd-repart,systemd-resolved,systemd-sysv,systemd-timesyncd,udev
upstream	libseccomp2	arm64	2.6.0-2	013d0af0444177960d5899f4673e35d492f31edfc40cb8d5a82bb56147ab2e35	https://snapshot.debian.org/archive/debian/20261001T000000Z/pool/main/libs/libseccomp/libseccomp2_2.6.0-2_arm64.deb	bluez,libseccomp2,systemd,systemd-repart,systemd-resolved,systemd-sysv,systemd-timesyncd,udev
upstream	libssl3t64	amd64	3.5.7-1~deb13u2	916f7f40b34a06e6ebfaefcdab331bff458328411da672598f126a760472467d	https://snapshot.debian.org/archive/debian/20261001T000000Z/pool/main/o/openssl/libssl3t64_3.5.7-1~deb13u2_amd64.deb	alsa-utils,bluez,coreutils,kmod,libssl3t64,systemd,systemd-repart,systemd-resolved,systemd-sysv,systemd-timesyncd,udev
upstream	libssl3t64	arm64	3.5.7-1~deb13u2	ec131326aa9fa9ec934eca386bc7991f328fe383eaefd3e43bd8901a9199c5ae	https://snapshot.debian.org/archive/debian/20261001T000000Z/pool/main/o/openssl/libssl3t64_3.5.7-1~deb13u2_arm64.deb	alsa-utils,bluez,coreutils,kmod,libssl3t64,systemd,systemd-repart,systemd-resolved,systemd-sysv,systemd-timesyncd,udev
upstream	libsubid5	amd64	1:4.17.4-2	4d4faef8143c117a055a9041a7e99f8ba014c420a9b6e2fef5c693482581a204	https://snapshot.debian.org/archive/debian/20261001T000000Z/pool/main/s/shadow/libsubid5_4.17.4-2_amd64.deb	libsubid5
upstream	libsubid5	arm64	1:4.17.4-2	0cbd234e3e1afad8195cf12d87c7eb820a3e55b252e48da930cd9f0df3e787c1	https://snapshot.debian.org/archive/debian/20261001T000000Z/pool/main/s/shadow/libsubid5_4.17.4-2_arm64.deb	libsubid5
upstream	libsystemd-shared	amd64	257.13-1~deb13u1	2d349824e57f88507e2a33360610d8afc143a4ad5e80ee4bf8f37b826d6f37f9	https://snapshot.debian.org/archive/debian/20261001T000000Z/pool/main/s/systemd/libsystemd-shared_257.13-1~deb13u1_amd64.deb	bluez,systemd,systemd-repart,systemd-resolved,systemd-sysv,systemd-timesyncd,udev
upstream	libsystemd-shared	arm64	257.13-1~deb13u1	b48df445566ff6c39395c9fc571524c9e03803bc2e434d7869fc21e723c64b4d	https://snapshot.debian.org/archive/debian/20261001T000000Z/pool/main/s/systemd/libsystemd-shared_257.13-1~deb13u1_arm64.deb	bluez,systemd,systemd-repart,systemd-resolved,systemd-sysv,systemd-timesyncd,udev
upstream	libtomcrypt1	amd64	1.18.2+dfsg-7+b2	704174c153914d76b8924f35113042f437abddd7f281da9fca8861defb707a01	https://snapshot.debian.org/archive/debian/20261001T000000Z/pool/main/libt/libtomcrypt/libtomcrypt1_1.18.2+dfsg-7+b2_amd64.deb	dropbear-bin
upstream	libtomcrypt1	arm64	1.18.2+dfsg-7+b2	30c14959f4ae9ba1b41dab47f6d7ca212b7cf45ce340d1a3a52e1fd25a5b643b	https://snapshot.debian.org/archive/debian/20261001T000000Z/pool/main/libt/libtomcrypt/libtomcrypt1_1.18.2+dfsg-7+b2_arm64.deb	dropbear-bin
upstream	libtommath1	amd64	1.3.0-1	0e6025c5c3c07c7055993eb23fd1eb8e55ec037ef46eca2e7622825e85f56a60	https://snapshot.debian.org/archive/debian/20261001T000000Z/pool/main/libt/libtommath/libtommath1_1.3.0-1_amd64.deb	dropbear-bin
upstream	libtommath1	arm64	1.3.0-1	7e53ae5d16d06801b1c0c88e2fcb3b38e08d76aa3855bcbd6abc8e9639cb6945	https://snapshot.debian.org/archive/debian/20261001T000000Z/pool/main/libt/libtommath/libtommath1_1.3.0-1_arm64.deb	dropbear-bin
upstream	libxtables12	amd64	1.8.11-2	4de5aa59faef5e98d6ba9f5f521a915be5641f224f597862f8d29e8319e8db16	https://snapshot.debian.org/archive/debian/20261001T000000Z/pool/main/i/iptables/libxtables12_1.8.11-2_amd64.deb	nftables
upstream	libxtables12	arm64	1.8.11-2	b200a559a4ae1b4ebcee4fb0fcaef6a16ef01abbe3da8887de15e800b1a6440d	https://snapshot.debian.org/archive/debian/20261001T000000Z/pool/main/i/iptables/libxtables12_1.8.11-2_arm64.deb	nftables
upstream	login	amd64	1:4.16.0-2+really2.41.5-0+deb13u1	8fc5869532a73d577c4abb5ed917e048bbd72148702ea1dcadd3817064f3e887	https://snapshot.debian.org/archive/debian/20261001T000000Z/pool/main/u/util-linux/login_4.16.0-2+really2.41.5-0+deb13u1_amd64.deb	login
upstream	login	arm64	1:4.16.0-2+really2.41.5-0+deb13u1	c0bc34268bc1528b627f8c0cfe1e6d9ca7b4dd00428690a63f1d1b0adb5dc508	https://snapshot.debian.org/archive/debian/20261001T000000Z/pool/main/u/util-linux/login_4.16.0-2+really2.41.5-0+deb13u1_arm64.deb	login
upstream	nftables	amd64	1.1.3-1	2ddfa61baaf3a76e2c499db9e521ba6affb226f85af0b6fef739f346ac5f0c39	https://snapshot.debian.org/archive/debian/20261001T000000Z/pool/main/n/nftables/nftables_1.1.3-1_amd64.deb	nftables
upstream	nftables	arm64	1.1.3-1	6cced5fccfbd80a25dfbd4bd17cc16372d08cb76c9d1159532ba0f668aa77c37	https://snapshot.debian.org/archive/debian/20261001T000000Z/pool/main/n/nftables/nftables_1.1.3-1_arm64.deb	nftables
upstream	openrc	amd64	0.56-1	015e70c4a7c51864b1761c3a5919f86ea788f1e76603fbf856e22e39d61eb3f7	https://snapshot.debian.org/archive/debian/20261001T000000Z/pool/main/o/openrc/openrc_0.56-1_amd64.deb	openrc
upstream	openrc	arm64	0.56-1	6c63f21baf3f4d1f947fdd44685a51f6fa6f8abbe8136795710d2f3c6f8a966e	https://snapshot.debian.org/archive/debian/20261001T000000Z/pool/main/o/openrc/openrc_0.56-1_arm64.deb	openrc
upstream	openssl-provider-legacy	amd64	3.5.7-1~deb13u2	f155c8191ae6d41da73d792f4182680aeafeb85c3dd223934ee9fdd115c4f1fa	https://snapshot.debian.org/archive/debian/20261001T000000Z/pool/main/o/openssl/openssl-provider-legacy_3.5.7-1~deb13u2_amd64.deb	alsa-utils,bluez,coreutils,kmod,libssl3t64,systemd,systemd-repart,systemd-resolved,systemd-sysv,systemd-timesyncd,udev
upstream	openssl-provider-legacy	arm64	3.5.7-1~deb13u2	7628954796eb651fc499ad98d4e51435691c2ccce0b5fbae6b198cbece742db4	https://snapshot.debian.org/archive/debian/20261001T000000Z/pool/main/o/openssl/openssl-provider-legacy_3.5.7-1~deb13u2_arm64.deb	alsa-utils,bluez,coreutils,kmod,libssl3t64,systemd,systemd-repart,systemd-resolved,systemd-sysv,systemd-timesyncd,udev
upstream	procps	amd64	2:4.0.4-9	4db90bb6776772fc52585d6b1fbfc52ec2a85480e1b4363b743fbb2ffa2a5375	https://snapshot.debian.org/archive/debian/20261001T000000Z/pool/main/p/procps/procps_4.0.4-9_amd64.deb	procps
upstream	procps	arm64	2:4.0.4-9	9afd4ad2e8da92322715114fb9555c63ce92f6c72bf72867e76ab2d6a7a3b541	https://snapshot.debian.org/archive/debian/20261001T000000Z/pool/main/p/procps/procps_4.0.4-9_arm64.deb	procps
upstream	readline-common	amd64	8.2-6	f77e8aa0bf0de618f11cb0b21658a4ed60f177d63b3cf26d7fc3706b6d0eaaa9	https://snapshot.debian.org/archive/debian/20261001T000000Z/pool/main/r/readline/readline-common_8.2-6_all.deb	bluez,fdisk,libreadline8t64,readline-common
upstream	readline-common	arm64	8.2-6	f77e8aa0bf0de618f11cb0b21658a4ed60f177d63b3cf26d7fc3706b6d0eaaa9	https://snapshot.debian.org/archive/debian/20261001T000000Z/pool/main/r/readline/readline-common_8.2-6_all.deb	bluez,fdisk,libreadline8t64,readline-common
upstream	rfkill	amd64	2.41.5-0+deb13u1	a3aa5a05997bed2b306168b0281226300fc816486537fa240861494058adbaad	https://snapshot.debian.org/archive/debian/20261001T000000Z/pool/main/u/util-linux/rfkill_2.41.5-0+deb13u1_amd64.deb	rfkill
upstream	rfkill	arm64	2.41.5-0+deb13u1	fff3ad793f7193c7e90fe48718b485240b42e694523e7c25080a004e02579d0b	https://snapshot.debian.org/archive/debian/20261001T000000Z/pool/main/u/util-linux/rfkill_2.41.5-0+deb13u1_arm64.deb	rfkill
upstream	sed	amd64	4.9-2+deb13u1	7071270ed4f6adda55bc4f926347fb847bacaffbdee3dff917bc6006ed7e3775	https://snapshot.debian.org/archive/debian/20261001T000000Z/pool/main/s/sed/sed_4.9-2+deb13u1_amd64.deb	sed
upstream	sed	arm64	4.9-2+deb13u1	c654fa045de8cc722855b8db59990b703cb7299c897c6e187bf949d42df82b62	https://snapshot.debian.org/archive/debian/20261001T000000Z/pool/main/s/sed/sed_4.9-2+deb13u1_arm64.deb	sed
upstream	systemd	amd64	257.13-1~deb13u1	ee81302a1d5b7434762b6e784a572854d4b6cf6235e33e2d104ad4e1cae71ab4	https://snapshot.debian.org/archive/debian/20261001T000000Z/pool/main/s/systemd/systemd_257.13-1~deb13u1_amd64.deb	bluez,systemd,systemd-resolved,systemd-sysv,systemd-timesyncd,udev
upstream	systemd	arm64	257.13-1~deb13u1	dcc3ba37f0488ecd513820035b4efc300e198849f5b6437a9bac9c2f307149ab	https://snapshot.debian.org/archive/debian/20261001T000000Z/pool/main/s/systemd/systemd_257.13-1~deb13u1_arm64.deb	bluez,systemd,systemd-resolved,systemd-sysv,systemd-timesyncd,udev
upstream	systemd-repart	amd64	257.13-1~deb13u1	06c6f2c285eb81c8ab1dbcc8f5f8721dd96a2228bc9e6a85beaa22460e0599e1	https://snapshot.debian.org/archive/debian/20261001T000000Z/pool/main/s/systemd/systemd-repart_257.13-1~deb13u1_amd64.deb	systemd-repart
upstream	systemd-repart	arm64	257.13-1~deb13u1	96525ef6d1b3f9096d2ba98f880516c14f7aca1767e30659475e83e5ac36b8c2	https://snapshot.debian.org/archive/debian/20261001T000000Z/pool/main/s/systemd/systemd-repart_257.13-1~deb13u1_arm64.deb	systemd-repart
upstream	systemd-resolved	amd64	257.13-1~deb13u1	cd8c1bf424def250b2c289859ee4513ddbe8b103b4fa0211dec21fe0d97e5f69	https://snapshot.debian.org/archive/debian/20261001T000000Z/pool/main/s/systemd/systemd-resolved_257.13-1~deb13u1_amd64.deb	systemd-resolved
upstream	systemd-resolved	arm64	257.13-1~deb13u1	bde3620675edb29cabbdcfcf57d7b59d027ad6e81f14ddd5eff51bbeecaed054	https://snapshot.debian.org/archive/debian/20261001T000000Z/pool/main/s/systemd/systemd-resolved_257.13-1~deb13u1_arm64.deb	systemd-resolved
upstream	systemd-sysv	amd64	257.13-1~deb13u1	3bed48042b6e40f8a3c439e79b4a4ed6a12102eb3ab66123dc43aa18f0416729	https://snapshot.debian.org/archive/debian/20261001T000000Z/pool/main/s/systemd/systemd-sysv_257.13-1~deb13u1_amd64.deb	systemd-sysv
upstream	systemd-sysv	arm64	257.13-1~deb13u1	af3c883fabc97850c7afe9489a9e1808b4db2d9cfdc4dc1639da9e1b0356c97b	https://snapshot.debian.org/archive/debian/20261001T000000Z/pool/main/s/systemd/systemd-sysv_257.13-1~deb13u1_arm64.deb	systemd-sysv
upstream	systemd-timesyncd	amd64	257.13-1~deb13u1	3ac410275cc5cd29aa0e14588b2ebbaa10ae02ecb438ce2282fead1d170efe63	https://snapshot.debian.org/archive/debian/20261001T000000Z/pool/main/s/systemd/systemd-timesyncd_257.13-1~deb13u1_amd64.deb	systemd-timesyncd
upstream	systemd-timesyncd	arm64	257.13-1~deb13u1	5c00488c8cdbcebf2f39705d4e3554c532a87edf661f22101b181510e15e6b57	https://snapshot.debian.org/archive/debian/20261001T000000Z/pool/main/s/systemd/systemd-timesyncd_257.13-1~deb13u1_arm64.deb	systemd-timesyncd
upstream	udev	amd64	257.13-1~deb13u1	a9d751b4d73a489120ef68a21caedf0b58fba80598fb22a17f85060f308bfe7e	https://snapshot.debian.org/archive/debian/20261001T000000Z/pool/main/s/systemd/udev_257.13-1~deb13u1_amd64.deb	bluez,udev
upstream	udev	arm64	257.13-1~deb13u1	eed77ec245475039937d5c2d5ae3bbd7241420f21277a2edbb28c60cf9fec1ca	https://snapshot.debian.org/archive/debian/20261001T000000Z/pool/main/s/systemd/udev_257.13-1~deb13u1_arm64.deb	bluez,udev
apt	https://snapshot.debian.org/archive/debian/20261001T000000Z	trixie	main	/usr/share/keyrings/debian-archive-keyring.gpg
data	unowned.amd64	mica-system-base-unowned.amd64.tsv	551b6bcee5b7d23e971ff0693e24521b54e037a0b59e9246ffa20e01af7870bb
data	unowned.arm64	mica-system-base-unowned.arm64.tsv	33b0385a0a69a5c11fb466be6eadbf31dce5576f9d33a30104efdacc785f0d13
