# mica-lock v1
# The container engine from these upstream trees. The 5.x podman line is deliberate (upstream also maintains 6.x);
# netavark and aardvark-dns move together (2.x requires glibc). A pin moves by setting the tag and its commit.
source	girepository-tools	amd64	2.84.4-3~deb13u5	2498e412b01d5d77049829d525b7ff559fd4be269a59cc4a50479337a50d8619	https://snapshot.debian.org/archive/debian/20260916T120000Z/pool/main/g/glib2.0/girepository-tools_2.84.4-3%7edeb13u5_amd64.deb
source	girepository-tools	arm64	2.84.4-3~deb13u5	1a4aded9e0ea5cc968458580741025df3a3b68bd2fb2a46c0ff16ea4b9881f9b	https://snapshot.debian.org/archive/debian/20260916T120000Z/pool/main/g/glib2.0/girepository-tools_2.84.4-3%7edeb13u5_arm64.deb
source	libblkid-dev	amd64	2.41.5-0+deb13u1	775bc91f7a265d21cdfc6b710813017b2366e5c5bb665cd2e6979af5dd8a03a8	https://snapshot.debian.org/archive/debian/20260916T120000Z/pool/main/u/util-linux/libblkid-dev_2.41.5-0%2bdeb13u1_amd64.deb
source	libblkid-dev	arm64	2.41.5-0+deb13u1	18fc2da74bbbe194cabb96e8870512627434c5d5b2f25f082cc5ede36f502913	https://snapshot.debian.org/archive/debian/20260916T120000Z/pool/main/u/util-linux/libblkid-dev_2.41.5-0%2bdeb13u1_arm64.deb
source	libcap-dev	amd64	1:2.75-10+deb13u1+b3	795983cf2cbc2e12e9440383d701229966c35bc40712ccbfd03e5c93d9af619d	https://snapshot.debian.org/archive/debian/20260916T120000Z/pool/main/libc/libcap2/libcap-dev_2.75-10%2bdeb13u1%2bb3_amd64.deb
source	libcap-dev	arm64	1:2.75-10+deb13u1+b3	e3184756963ee724e0f1f06a9be05e9a5e5caf7e2255b61a224ccc9ecec19af8	https://snapshot.debian.org/archive/debian/20260916T120000Z/pool/main/libc/libcap2/libcap-dev_2.75-10%2bdeb13u1%2bb3_arm64.deb
source	libcap2	amd64	1:2.75-10+deb13u1+b3	89fc4d34fc7a28ad6f0fcd0c561ab253b9dedf6f77f5a000b47c276c8295bf67	https://snapshot.debian.org/archive/debian/20260916T120000Z/pool/main/libc/libcap2/libcap2_2.75-10%2bdeb13u1%2bb3_amd64.deb
source	libcap2	arm64	1:2.75-10+deb13u1+b3	863aa5b9cdf6f80010b48982d4639126b09a89eeef2c0c5c7be226297c811581	https://snapshot.debian.org/archive/debian/20260916T120000Z/pool/main/libc/libcap2/libcap2_2.75-10%2bdeb13u1%2bb3_arm64.deb
source	libelf1t64	amd64	0.192-4	94497b7e17b6f574a0605b380d454e20d3f01a9c63b70c2a2263f679d30053e1	https://snapshot.debian.org/archive/debian/20260916T120000Z/pool/main/e/elfutils/libelf1t64_0.192-4_amd64.deb
source	libelf1t64	arm64	0.192-4	815b4265c7d6c89c5bbad456bdeed7af893da6912c9d16cf4c581001927c0e37	https://snapshot.debian.org/archive/debian/20260916T120000Z/pool/main/e/elfutils/libelf1t64_0.192-4_arm64.deb
source	libffi-dev	amd64	3.4.8-2	76b2b80193a656733e1408ebec5371334be5fd48eb5f50ab99d6baf6081d0f1b	https://snapshot.debian.org/archive/debian/20260916T120000Z/pool/main/libf/libffi/libffi-dev_3.4.8-2_amd64.deb
source	libffi-dev	arm64	3.4.8-2	55f6d389cc954407cdba6e4ba5e7039dd2042d2ca8929d6f5eb49d6b97ba92de	https://snapshot.debian.org/archive/debian/20260916T120000Z/pool/main/libf/libffi/libffi-dev_3.4.8-2_arm64.deb
source	libgio-2.0-dev	amd64	2.84.4-3~deb13u5	a9bbd748ddd40a08b336e8d6b1755e698957ac640d081ddc4c330b716c6b89c3	https://snapshot.debian.org/archive/debian/20260916T120000Z/pool/main/g/glib2.0/libgio-2.0-dev_2.84.4-3%7edeb13u5_amd64.deb
source	libgio-2.0-dev	arm64	2.84.4-3~deb13u5	1fe9975a28332e4606eab301902e8ab445365ee0ad7c3ddeba56cd0f658fadad	https://snapshot.debian.org/archive/debian/20260916T120000Z/pool/main/g/glib2.0/libgio-2.0-dev_2.84.4-3%7edeb13u5_arm64.deb
source	libgio-2.0-dev-bin	amd64	2.84.4-3~deb13u5	d43dddb9b306cb8427bd383e100b8510da8cfa03b5968624f3787bc66a5a95b8	https://snapshot.debian.org/archive/debian/20260916T120000Z/pool/main/g/glib2.0/libgio-2.0-dev-bin_2.84.4-3%7edeb13u5_amd64.deb
source	libgio-2.0-dev-bin	arm64	2.84.4-3~deb13u5	d7f0a564b04d5439ff6336786c052a57a96df5b461e31a9a5cb6cf79883b98c1	https://snapshot.debian.org/archive/debian/20260916T120000Z/pool/main/g/glib2.0/libgio-2.0-dev-bin_2.84.4-3%7edeb13u5_arm64.deb
source	libgirepository-2.0-0	amd64	2.84.4-3~deb13u5	c87a2d4dac81be719fb3dc2e3a1d78376151d8c5c34071e08c10304b8d1fd3c3	https://snapshot.debian.org/archive/debian/20260916T120000Z/pool/main/g/glib2.0/libgirepository-2.0-0_2.84.4-3%7edeb13u5_amd64.deb
source	libgirepository-2.0-0	arm64	2.84.4-3~deb13u5	8997c194a647565474632f0c40fed38760c373935b4db7571647c4daba528d92	https://snapshot.debian.org/archive/debian/20260916T120000Z/pool/main/g/glib2.0/libgirepository-2.0-0_2.84.4-3%7edeb13u5_arm64.deb
source	libglib2.0-0t64	amd64	2.84.4-3~deb13u5	e2baf92c57d1db1753e5781a61450d9a01e7833c7bd2dfe87776a6811c11ecc2	https://snapshot.debian.org/archive/debian/20260916T120000Z/pool/main/g/glib2.0/libglib2.0-0t64_2.84.4-3%7edeb13u5_amd64.deb
source	libglib2.0-0t64	arm64	2.84.4-3~deb13u5	d446f0ea85fb9dc411219ce861e59e5eabe1981c796918771a7d2aa97cc72481	https://snapshot.debian.org/archive/debian/20260916T120000Z/pool/main/g/glib2.0/libglib2.0-0t64_2.84.4-3%7edeb13u5_arm64.deb
source	libglib2.0-bin	amd64	2.84.4-3~deb13u5	733e0bbb4aaa7846a23a02cc3f6af71b41cdfcc833538aae0c35eb2c1160c15a	https://snapshot.debian.org/archive/debian/20260916T120000Z/pool/main/g/glib2.0/libglib2.0-bin_2.84.4-3%7edeb13u5_amd64.deb
source	libglib2.0-bin	arm64	2.84.4-3~deb13u5	abc9841d2f924604510ca255fb069add0417023b593bfc9552b0d4ab1fa5fffb	https://snapshot.debian.org/archive/debian/20260916T120000Z/pool/main/g/glib2.0/libglib2.0-bin_2.84.4-3%7edeb13u5_arm64.deb
source	libglib2.0-data	amd64	2.84.4-3~deb13u5	11c671d0a21dd99215bc62fc0219a1fcbb1482f36329ab6b85732e09ddff9e1c	https://snapshot.debian.org/archive/debian/20260916T120000Z/pool/main/g/glib2.0/libglib2.0-data_2.84.4-3%7edeb13u5_all.deb
source	libglib2.0-data	arm64	2.84.4-3~deb13u5	11c671d0a21dd99215bc62fc0219a1fcbb1482f36329ab6b85732e09ddff9e1c	https://snapshot.debian.org/archive/debian/20260916T120000Z/pool/main/g/glib2.0/libglib2.0-data_2.84.4-3%7edeb13u5_all.deb
source	libglib2.0-dev	amd64	2.84.4-3~deb13u5	ad98b1a769da55a8007ea9953306b0deb6092205d4fac8d915e2bd83d4ecc8a5	https://snapshot.debian.org/archive/debian/20260916T120000Z/pool/main/g/glib2.0/libglib2.0-dev_2.84.4-3%7edeb13u5_amd64.deb
source	libglib2.0-dev	arm64	2.84.4-3~deb13u5	0fcf8c9e3aaa007ee36e121908d028eb92206b55a5157847e04308b6d61de954	https://snapshot.debian.org/archive/debian/20260916T120000Z/pool/main/g/glib2.0/libglib2.0-dev_2.84.4-3%7edeb13u5_arm64.deb
source	libglib2.0-dev-bin	amd64	2.84.4-3~deb13u5	d35ef75a4b04ea10081d484e025b0a4fecd0232ffc0e76403bcd249b3b47e643	https://snapshot.debian.org/archive/debian/20260916T120000Z/pool/main/g/glib2.0/libglib2.0-dev-bin_2.84.4-3%7edeb13u5_amd64.deb
source	libglib2.0-dev-bin	arm64	2.84.4-3~deb13u5	5fd1e0a0c594fcd0df456887bc433507bcd73f2aeda550bd400504d3c104f1df	https://snapshot.debian.org/archive/debian/20260916T120000Z/pool/main/g/glib2.0/libglib2.0-dev-bin_2.84.4-3%7edeb13u5_arm64.deb
source	libjson-c-dev	amd64	0.18+ds-1	8e0c93929bdaf7a5e5f9f25848f1533fc34f916d7f2ba44bda782f7f32415db6	https://snapshot.debian.org/archive/debian/20260916T120000Z/pool/main/j/json-c/libjson-c-dev_0.18%2bds-1_amd64.deb
source	libjson-c-dev	arm64	0.18+ds-1	3251d28e925629b443dda9965ba2343ddb05d5a35f48a7ec3b8d956eb098ba5a	https://snapshot.debian.org/archive/debian/20260916T120000Z/pool/main/j/json-c/libjson-c-dev_0.18%2bds-1_arm64.deb
source	libjson-c5	amd64	0.18+ds-1	4fbd5fb4d54c626f05d68abf38a31533fbf1bf4a87068696abe041ee9c974fe0	https://snapshot.debian.org/archive/debian/20260916T120000Z/pool/main/j/json-c/libjson-c5_0.18%2bds-1_amd64.deb
source	libjson-c5	arm64	0.18+ds-1	f631829107005b15c2ca5c48ac74bc2df437c7eb608756eb865b147985f7bb45	https://snapshot.debian.org/archive/debian/20260916T120000Z/pool/main/j/json-c/libjson-c5_0.18%2bds-1_arm64.deb
source	libmount-dev	amd64	2.41.5-0+deb13u1	2bef03b918e927648c6552143e17e82aa7ed2a4ce180fabd07a7d1cac7ff8686	https://snapshot.debian.org/archive/debian/20260916T120000Z/pool/main/u/util-linux/libmount-dev_2.41.5-0%2bdeb13u1_amd64.deb
source	libmount-dev	arm64	2.41.5-0+deb13u1	3407555e8f12a76904df25829d8d83d7681823370b48cd3bb6f1c40448d4dc31	https://snapshot.debian.org/archive/debian/20260916T120000Z/pool/main/u/util-linux/libmount-dev_2.41.5-0%2bdeb13u1_arm64.deb
source	libpcre2-16-0	amd64	10.46-1~deb13u2	0343948654468fc4b273077c464cb77afeee29fc493c0d4c9d81cd19d5bc4e23	https://snapshot.debian.org/archive/debian/20260916T120000Z/pool/main/p/pcre2/libpcre2-16-0_10.46-1%7edeb13u2_amd64.deb
source	libpcre2-16-0	arm64	10.46-1~deb13u2	5cbc3acabe6d7d6533a9e24764d9566f3aaad208ec6309bb186fe2fa6962c35e	https://snapshot.debian.org/archive/debian/20260916T120000Z/pool/main/p/pcre2/libpcre2-16-0_10.46-1%7edeb13u2_arm64.deb
source	libpcre2-32-0	amd64	10.46-1~deb13u2	e481279c1665e03a41bba6eb776baf8d4d78cd20b7906a7fc1591ad92ace94f4	https://snapshot.debian.org/archive/debian/20260916T120000Z/pool/main/p/pcre2/libpcre2-32-0_10.46-1%7edeb13u2_amd64.deb
source	libpcre2-32-0	arm64	10.46-1~deb13u2	76f5f17c0165dcf9d44d601a5fc543221fd374959fb9f23e03d6580ffd0a993e	https://snapshot.debian.org/archive/debian/20260916T120000Z/pool/main/p/pcre2/libpcre2-32-0_10.46-1%7edeb13u2_arm64.deb
source	libpcre2-8-0	amd64	10.46-1~deb13u2	1252b96a5bc44bb5db982bef8eb18e54f5047cede2aff641bce4f8e1edb91c3e	https://snapshot.debian.org/archive/debian/20260916T120000Z/pool/main/p/pcre2/libpcre2-8-0_10.46-1%7edeb13u2_amd64.deb
source	libpcre2-8-0	arm64	10.46-1~deb13u2	e7d2c997dac145c16457be0fed3d084c98cd030bec7633eec7e5bde6dbb97712	https://snapshot.debian.org/archive/debian/20260916T120000Z/pool/main/p/pcre2/libpcre2-8-0_10.46-1%7edeb13u2_arm64.deb
source	libpcre2-dev	amd64	10.46-1~deb13u2	f031c53b8f77c2825d9d6c71c0d8bd6106d6599af1655074b62074a10f7f7c6c	https://snapshot.debian.org/archive/debian/20260916T120000Z/pool/main/p/pcre2/libpcre2-dev_10.46-1%7edeb13u2_amd64.deb
source	libpcre2-dev	arm64	10.46-1~deb13u2	2058dbcfa3839b9adc9a323c726e5fffc0a8dc35b99e255c9df14e42d0d05e00	https://snapshot.debian.org/archive/debian/20260916T120000Z/pool/main/p/pcre2/libpcre2-dev_10.46-1%7edeb13u2_arm64.deb
source	libpcre2-posix3	amd64	10.46-1~deb13u2	f79397e7c5d6e7e3895d89ab1d315fc6313be4d120e7ac008d598931219f1387	https://snapshot.debian.org/archive/debian/20260916T120000Z/pool/main/p/pcre2/libpcre2-posix3_10.46-1%7edeb13u2_amd64.deb
source	libpcre2-posix3	arm64	10.46-1~deb13u2	76ac52a3c839a733519908a459e5b9f53fe5b2df1136d20c369a38a143985f92	https://snapshot.debian.org/archive/debian/20260916T120000Z/pool/main/p/pcre2/libpcre2-posix3_10.46-1%7edeb13u2_arm64.deb
source	libprotobuf32t64	amd64	3.21.12-11+deb13u1	38c43ec79a043d2b2659fed321725049a7e457096a66691cf6eb0d3a1a8f0e85	https://snapshot.debian.org/archive/debian/20260916T120000Z/pool/main/p/protobuf/libprotobuf32t64_3.21.12-11%2bdeb13u1_amd64.deb
source	libprotobuf32t64	arm64	3.21.12-11+deb13u1	51bf38fcca667be0deef732a903563ee6ffa9bfc04433310c2c49e4c92d06b09	https://snapshot.debian.org/archive/debian/20260916T120000Z/pool/main/p/protobuf/libprotobuf32t64_3.21.12-11%2bdeb13u1_arm64.deb
source	libprotoc32t64	amd64	3.21.12-11+deb13u1	8a96715498f10f8e166411248164448c9a892fa1d5b25f1e02a93ea668fa72aa	https://snapshot.debian.org/archive/debian/20260916T120000Z/pool/main/p/protobuf/libprotoc32t64_3.21.12-11%2bdeb13u1_amd64.deb
source	libprotoc32t64	arm64	3.21.12-11+deb13u1	0cf431ed1f7d48d6acd52e1532bc3f7c17048a737115dc9eb900edfa7a08ed7a	https://snapshot.debian.org/archive/debian/20260916T120000Z/pool/main/p/protobuf/libprotoc32t64_3.21.12-11%2bdeb13u1_arm64.deb
source	libseccomp-dev	amd64	2.6.0-2	12326d36a510cafeda0f33d0a97439f7812e1e56128c4b79091142ce5cf07766	https://snapshot.debian.org/archive/debian/20260916T120000Z/pool/main/libs/libseccomp/libseccomp-dev_2.6.0-2_amd64.deb
source	libseccomp-dev	arm64	2.6.0-2	a4b5e33f3c609e1186ed4725d380a96372bb6a4976a94f7911411b4371180450	https://snapshot.debian.org/archive/debian/20260916T120000Z/pool/main/libs/libseccomp/libseccomp-dev_2.6.0-2_arm64.deb
source	libselinux1-dev	amd64	3.8.1-1	0107595c65dd5cfe7ce3643d400e7b2be2c2528bcd110ad5af8605711a858921	https://snapshot.debian.org/archive/debian/20260916T120000Z/pool/main/libs/libselinux/libselinux1-dev_3.8.1-1_amd64.deb
source	libselinux1-dev	arm64	3.8.1-1	32b994441e6a445365fd99711e9c2c25aaa492a3ff9729ba3b881fe4e8901ef4	https://snapshot.debian.org/archive/debian/20260916T120000Z/pool/main/libs/libselinux/libselinux1-dev_3.8.1-1_arm64.deb
source	libsepol-dev	amd64	3.8.1-1	c085881d0546f6d539909f5710d7a3243aeb24338f6dc455b0ef6199f45bd753	https://snapshot.debian.org/archive/debian/20260916T120000Z/pool/main/libs/libsepol/libsepol-dev_3.8.1-1_amd64.deb
source	libsepol-dev	arm64	3.8.1-1	83c6a0333dd9eb04db23a98817a8df09e4c5d2a88c012f900dc809f63c8ad6b8	https://snapshot.debian.org/archive/debian/20260916T120000Z/pool/main/libs/libsepol/libsepol-dev_3.8.1-1_arm64.deb
source	libsqlite3-0	amd64	3.46.1-7+deb13u2	0a459adaffd901109f7811ab65f58e7a957b4907d05539cf3d1184efdcde0468	https://snapshot.debian.org/archive/debian/20260916T120000Z/pool/main/s/sqlite3/libsqlite3-0_3.46.1-7%2bdeb13u2_amd64.deb
source	libsqlite3-0	arm64	3.46.1-7+deb13u2	5b09efca71cb7a16d67f5453af3989ae1a84fe6b68c6dd3913de527cb0ca23aa	https://snapshot.debian.org/archive/debian/20260916T120000Z/pool/main/s/sqlite3/libsqlite3-0_3.46.1-7%2bdeb13u2_arm64.deb
source	libsqlite3-dev	amd64	3.46.1-7+deb13u2	56e1945d52292b506c1f0bcb77543fea289ccee857c478dcddded40226e1594d	https://snapshot.debian.org/archive/debian/20260916T120000Z/pool/main/s/sqlite3/libsqlite3-dev_3.46.1-7%2bdeb13u2_amd64.deb
source	libsqlite3-dev	arm64	3.46.1-7+deb13u2	094aabe9e348895d14e1ec3d33fcb261df7722f33eca15c9318a4a880ea17a95	https://snapshot.debian.org/archive/debian/20260916T120000Z/pool/main/s/sqlite3/libsqlite3-dev_3.46.1-7%2bdeb13u2_arm64.deb
source	libsubid-dev	amd64	1:4.17.4-2	58ec30a25a8aaf591e62bc132b0406e2299e6c544f5e4614a9c5857f7613172e	https://snapshot.debian.org/archive/debian/20260916T120000Z/pool/main/s/shadow/libsubid-dev_4.17.4-2_amd64.deb
source	libsubid-dev	arm64	1:4.17.4-2	9d3c6741bea23ccbf3947c04c09083f4f6182a47343850a2b39f90d714b3bf63	https://snapshot.debian.org/archive/debian/20260916T120000Z/pool/main/s/shadow/libsubid-dev_4.17.4-2_arm64.deb
source	libsubid5	amd64	1:4.17.4-2	4d4faef8143c117a055a9041a7e99f8ba014c420a9b6e2fef5c693482581a204	https://snapshot.debian.org/archive/debian/20260916T120000Z/pool/main/s/shadow/libsubid5_4.17.4-2_amd64.deb
source	libsubid5	arm64	1:4.17.4-2	0cbd234e3e1afad8195cf12d87c7eb820a3e55b252e48da930cd9f0df3e787c1	https://snapshot.debian.org/archive/debian/20260916T120000Z/pool/main/s/shadow/libsubid5_4.17.4-2_arm64.deb
source	libsysprof-capture-4-dev	amd64	48.0-2	3cb76e124187700f5977a0acb914b3f82b2bd28105fce6f1cf2a34497b234af2	https://snapshot.debian.org/archive/debian/20260916T120000Z/pool/main/s/sysprof/libsysprof-capture-4-dev_48.0-2_amd64.deb
source	libsysprof-capture-4-dev	arm64	48.0-2	73f30f2a5ff7b378f8d47f1a3e1fcfac74043a4612bf0661c3ea4b96e6e27f98	https://snapshot.debian.org/archive/debian/20260916T120000Z/pool/main/s/sysprof/libsysprof-capture-4-dev_48.0-2_arm64.deb
source	libsystemd-dev	amd64	257.13-1~deb13u1	4db2d02ce32dfd9f2994a565a51c640b8e7a96a2e2b277484f9a2de7c0cd63e4	https://snapshot.debian.org/archive/debian/20260916T120000Z/pool/main/s/systemd/libsystemd-dev_257.13-1%7edeb13u1_amd64.deb
source	libsystemd-dev	arm64	257.13-1~deb13u1	06239173236c0cfee4ee4310ddeb428b094d3b4e34a80b173587da277d9a1199	https://snapshot.debian.org/archive/debian/20260916T120000Z/pool/main/s/systemd/libsystemd-dev_257.13-1%7edeb13u1_arm64.deb
source	libyajl-dev	amd64	2.1.0-5+b2	d0069e988f68b05eae42bce7a66bf54dc43863c6ed6b259619951b2a70f8f39b	https://snapshot.debian.org/archive/debian/20260916T120000Z/pool/main/y/yajl/libyajl-dev_2.1.0-5%2bb2_amd64.deb
source	libyajl-dev	arm64	2.1.0-5+b2	324ac7b20491538a7e6995de83d4ff9c81d8f319c4158777de5778acc5a32500	https://snapshot.debian.org/archive/debian/20260916T120000Z/pool/main/y/yajl/libyajl-dev_2.1.0-5%2bb2_arm64.deb
source	libyajl2	amd64	2.1.0-5+b2	98497e30d6672298111b74e59890b3232b947abe4ecf04e39f480413b755e4f5	https://snapshot.debian.org/archive/debian/20260916T120000Z/pool/main/y/yajl/libyajl2_2.1.0-5%2bb2_amd64.deb
source	libyajl2	arm64	2.1.0-5+b2	24fa6da12564ea776c508641fe63a8b6a3b3a3a22b671013539cae8f6748cf80	https://snapshot.debian.org/archive/debian/20260916T120000Z/pool/main/y/yajl/libyajl2_2.1.0-5%2bb2_arm64.deb
source	native-architecture	amd64	0.2.6	cb065efb2dd0ad8de45ace298bdb959e4d66478ca8599312bde4fa543d8b7532	https://snapshot.debian.org/archive/debian/20260916T120000Z/pool/main/a/architecture-properties/native-architecture_0.2.6_all.deb
source	native-architecture	arm64	0.2.6	cb065efb2dd0ad8de45ace298bdb959e4d66478ca8599312bde4fa543d8b7532	https://snapshot.debian.org/archive/debian/20260916T120000Z/pool/main/a/architecture-properties/native-architecture_0.2.6_all.deb
source	protobuf-compiler	amd64	3.21.12-11+deb13u1	62c6085aeeb8cbcb16747fcf7170aaddcff344874a3aa60a272e423cbeb89b3a	https://snapshot.debian.org/archive/debian/20260916T120000Z/pool/main/p/protobuf/protobuf-compiler_3.21.12-11%2bdeb13u1_amd64.deb
source	protobuf-compiler	arm64	3.21.12-11+deb13u1	a873f75cbdf8054a23687e7c9b39ca1a93545edd22a581f4caa560756678f658	https://snapshot.debian.org/archive/debian/20260916T120000Z/pool/main/p/protobuf/protobuf-compiler_3.21.12-11%2bdeb13u1_arm64.deb
source	python3-packaging	amd64	25.0-1	d70c8469f6e9c6105e1ebcd3ebdc963f11dadbeddd89d2d1a2a3cb1c97d2ecbc	https://snapshot.debian.org/archive/debian/20260916T120000Z/pool/main/p/python-packaging/python3-packaging_25.0-1_all.deb
source	python3-packaging	arm64	25.0-1	d70c8469f6e9c6105e1ebcd3ebdc963f11dadbeddd89d2d1a2a3cb1c97d2ecbc	https://snapshot.debian.org/archive/debian/20260916T120000Z/pool/main/p/python-packaging/python3-packaging_25.0-1_all.deb
source	uuid-dev	amd64	2.41.5-0+deb13u1	cb7d7db20e5d91193c2c6629a3f4aa917e3bc558c72b7f2db7203bcfa9a3ba1b	https://snapshot.debian.org/archive/debian/20260916T120000Z/pool/main/u/util-linux/uuid-dev_2.41.5-0%2bdeb13u1_amd64.deb
source	uuid-dev	arm64	2.41.5-0+deb13u1	eca5896d42fcc5daaf3f875a11a8766ef6673191d236d233b92d33f6b5fc0341	https://snapshot.debian.org/archive/debian/20260916T120000Z/pool/main/u/util-linux/uuid-dev_2.41.5-0%2bdeb13u1_arm64.deb
source	zlib1g-dev	amd64	1:1.3.dfsg+really1.3.1-1+b1	76ed5c858e1aef38b7be93acce5910e457e77bd6271471b9d05fb42e78826224	https://snapshot.debian.org/archive/debian/20260916T120000Z/pool/main/z/zlib/zlib1g-dev_1.3.dfsg%2breally1.3.1-1%2bb1_amd64.deb
source	zlib1g-dev	arm64	1:1.3.dfsg+really1.3.1-1+b1	745ebcf1fa115e230af76216355d7290a24f1790fe3780249b519c0e4d30534f	https://snapshot.debian.org/archive/debian/20260916T120000Z/pool/main/z/zlib/zlib1g-dev_1.3.dfsg%2breally1.3.1-1%2bb1_arm64.deb
git	aardvark-dns	https://github.com/containers/aardvark-dns.git	v2.1.0	cd7417681229219059939bdd9f0b3bd9ac9abb08
git	catatonit	https://github.com/openSUSE/catatonit.git	v0.2.1	bb3b96b99668e544618c5aec427c1f4b6b9ee9bb
git	conmon	https://github.com/containers/conmon.git	v2.2.1	c8cc2c4db27531bd4e084ce7857f73cd21ee639d
git	crun	https://github.com/containers/crun.git	1.29.1	f0d911de5587342cfeb16473bf32ecdfeaf25957
git	netavark	https://github.com/containers/netavark.git	v2.1.0	8e91ad1d947ed325327b638f0cb906bea1f7d0ab
git	podman	https://github.com/containers/podman.git	v5.8.6	a859fc66702c23e869c282c63e92d9b6cd264229
